// !$*UTF8*$!
{
	archiveVersion = 1;
	classes = {
	};
	objectVersion = 77;
	objects = {

/* Begin PBXBuildFile section */
		014EB684D5A2BC38FD818162 /* Assets.xcassets in Resources */ = {isa = PBXBuildFile; fileRef = 6E1760EDB93FD1CFE61D8515 /* Assets.xcassets */; };
		0C8078FCE434D5D4E890B762 /* SettingsView.swift in Sources */ = {isa = PBXBuildFile; fileRef = 4741AAED6A2B125B24B9CF3D /* SettingsView.swift */; };
		0ECB311DA263DE811803282B /* MeetingTimeFormatter.swift in Sources */ = {isa = PBXBuildFile; fileRef = F5BA996259F60AA9D5DF6FA0 /* MeetingTimeFormatter.swift */; };
		1938E5E7CAFC7EFC7CE85560 /* BrowserProfileManager.swift in Sources */ = {isa = PBXBuildFile; fileRef = 6997774073BE7004E8F73934 /* BrowserProfileManager.swift */; };
		332A21ED14F0AA438B23E331 /* PopoverView.swift in Sources */ = {isa = PBXBuildFile; fileRef = 8C3DD6CC7294B4F4CA081BF0 /* PopoverView.swift */; };
		43836535C7AA79A40A9B7671 /* ProfileMappingSettingsView.swift in Sources */ = {isa = PBXBuildFile; fileRef = 2BB2AA5C13BC14D23B07DB23 /* ProfileMappingSettingsView.swift */; };
		465852B1E9554282C500FD70 /* MeetingEvent.swift in Sources */ = {isa = PBXBuildFile; fileRef = AB2E43B30BF5DE9A297F1933 /* MeetingEvent.swift */; };
		53685D7F85259631DD82EB7A /* MenuBarLabel.swift in Sources */ = {isa = PBXBuildFile; fileRef = A3B01FA8747224A2BD41C90D /* MenuBarLabel.swift */; };
		5563149DF16348C2BD22B8E0 /* AudioManager.swift in Sources */ = {isa = PBXBuildFile; fileRef = 78B0AAF5A25C12D5F6832583 /* AudioManager.swift */; };
		5885978570027113A1F969C8 /* AudioSettingsView.swift in Sources */ = {isa = PBXBuildFile; fileRef = A8BD0B96DCB42761D7BADEBB /* AudioSettingsView.swift */; };
		644CC7C02BA12D48002CAE57 /* PipSqueakApp.swift in Sources */ = {isa = PBXBuildFile; fileRef = F4D1A3CE83F6E294D16DF5BD /* PipSqueakApp.swift */; };
		67B09083C7BD34A2BFCE86E7 /* UpcomingMeetingsList.swift in Sources */ = {isa = PBXBuildFile; fileRef = B3E580A7656C3B500C60E275 /* UpcomingMeetingsList.swift */; };
		80FFC66C08F6C180F83BE65B /* NextMeetingCard.swift in Sources */ = {isa = PBXBuildFile; fileRef = 8881E43219360DD6A6AE1529 /* NextMeetingCard.swift */; };
		818F724CB626D2A035A36136 /* GeneralSettingsView.swift in Sources */ = {isa = PBXBuildFile; fileRef = DFD49A37AC23A6BC62915FA1 /* GeneralSettingsView.swift */; };
		8BC0480861CF5FA173A0BD49 /* AppState.swift in Sources */ = {isa = PBXBuildFile; fileRef = 807F9D0A01232736EC8A2823 /* AppState.swift */; };
		985EB87685966C558CC993B5 /* CalendarSettingsView.swift in Sources */ = {isa = PBXBuildFile; fileRef = 0F76EAAD0D1EF3AA6082B76F /* CalendarSettingsView.swift */; };
		A0F6977DC6273C8D09ADA8BF /* RecentMeetingsList.swift in Sources */ = {isa = PBXBuildFile; fileRef = D1ED84AAC19543E65D6E18F5 /* RecentMeetingsList.swift */; };
		ACC4C26BFB5D9FB2FE0ABF93 /* CalendarManager.swift in Sources */ = {isa = PBXBuildFile; fileRef = 80C49DAD0FC975D1D32BEFCA /* CalendarManager.swift */; };
		C942D8D2469A75A4CFFAC75F /* CountdownManager.swift in Sources */ = {isa = PBXBuildFile; fileRef = 57CA15796A938F25F1912568 /* CountdownManager.swift */; };
		EE6624BFED6A0A8B81ED74B3 /* 30second.mp3 in Resources */ = {isa = PBXBuildFile; fileRef = 5B94B83A2A7A7B0E4033E197 /* 30second.mp3 */; };
		F0BDDC12310A7A0F6F1713F5 /* PermissionDeniedView.swift in Sources */ = {isa = PBXBuildFile; fileRef = 6CB9D2D38AF848140DEE53EC /* PermissionDeniedView.swift */; };
/* End PBXBuildFile section */

/* Begin PBXFileReference section */
		0F76EAAD0D1EF3AA6082B76F /* CalendarSettingsView.swift */ = {isa = PBXFileReference; lastKnownFileType = sourcecode.swift; path = CalendarSettingsView.swift; sourceTree = "<group>"; };
		2BB2AA5C13BC14D23B07DB23 /* ProfileMappingSettingsView.swift */ = {isa = PBXFileReference; lastKnownFileType = sourcecode.swift; path = ProfileMappingSettingsView.swift; sourceTree = "<group>"; };
		4741AAED6A2B125B24B9CF3D /* SettingsView.swift */ = {isa = PBXFileReference; lastKnownFileType = sourcecode.swift; path = SettingsView.swift; sourceTree = "<group>"; };
		4A128F8323CE3940A9B1C9AC /* Info.plist */ = {isa = PBXFileReference; lastKnownFileType = text.plist; path = Info.plist; sourceTree = "<group>"; };
		57CA15796A938F25F1912568 /* CountdownManager.swift */ = {isa = PBXFileReference; lastKnownFileType = sourcecode.swift; path = CountdownManager.swift; sourceTree = "<group>"; };
		5B94B83A2A7A7B0E4033E197 /* 30second.mp3 */ = {isa = PBXFileReference; lastKnownFileType = audio.mp3; path = 30second.mp3; sourceTree = "<group>"; };
		6997774073BE7004E8F73934 /* BrowserProfileManager.swift */ = {isa = PBXFileReference; lastKnownFileType = sourcecode.swift; path = BrowserProfileManager.swift; sourceTree = "<group>"; };
		6CB9D2D38AF848140DEE53EC /* PermissionDeniedView.swift */ = {isa = PBXFileReference; lastKnownFileType = sourcecode.swift; path = PermissionDeniedView.swift; sourceTree = "<group>"; };
		6E1760EDB93FD1CFE61D8515 /* Assets.xcassets */ = {isa = PBXFileReference; lastKnownFileType = folder.assetcatalog; path = Assets.xcassets; sourceTree = "<group>"; };
		78B0AAF5A25C12D5F6832583 /* AudioManager.swift */ = {isa = PBXFileReference; lastKnownFileType = sourcecode.swift; path = AudioManager.swift; sourceTree = "<group>"; };
		807F9D0A01232736EC8A2823 /* AppState.swift */ = {isa = PBXFileReference; lastKnownFileType = sourcecode.swift; path = AppState.swift; sourceTree = "<group>"; };
		80C49DAD0FC975D1D32BEFCA /* CalendarManager.swift */ = {isa = PBXFileReference; lastKnownFileType = sourcecode.swift; path = CalendarManager.swift; sourceTree = "<group>"; };
		8881E43219360DD6A6AE1529 /* NextMeetingCard.swift */ = {isa = PBXFileReference; lastKnownFileType = sourcecode.swift; path = NextMeetingCard.swift; sourceTree = "<group>"; };
		8C3DD6CC7294B4F4CA081BF0 /* PopoverView.swift */ = {isa = PBXFileReference; lastKnownFileType = sourcecode.swift; path = PopoverView.swift; sourceTree = "<group>"; };
		A3B01FA8747224A2BD41C90D /* MenuBarLabel.swift */ = {isa = PBXFileReference; lastKnownFileType = sourcecode.swift; path = MenuBarLabel.swift; sourceTree = "<group>"; };
		A8BD0B96DCB42761D7BADEBB /* AudioSettingsView.swift */ = {isa = PBXFileReference; lastKnownFileType = sourcecode.swift; path = AudioSettingsView.swift; sourceTree = "<group>"; };
		AB2E43B30BF5DE9A297F1933 /* MeetingEvent.swift */ = {isa = PBXFileReference; lastKnownFileType = sourcecode.swift; path = MeetingEvent.swift; sourceTree = "<group>"; };
		B3E580A7656C3B500C60E275 /* UpcomingMeetingsList.swift */ = {isa = PBXFileReference; lastKnownFileType = sourcecode.swift; path = UpcomingMeetingsList.swift; sourceTree = "<group>"; };
		CD1101ED57D6751280B0C3CA /* PipSqueak.app */ = {isa = PBXFileReference; explicitFileType = wrapper.application; includeInIndex = 0; path = PipSqueak.app; sourceTree = BUILT_PRODUCTS_DIR; };
		D1ED84AAC19543E65D6E18F5 /* RecentMeetingsList.swift */ = {isa = PBXFileReference; lastKnownFileType = sourcecode.swift; path = RecentMeetingsList.swift; sourceTree = "<group>"; };
		DFD49A37AC23A6BC62915FA1 /* GeneralSettingsView.swift */ = {isa = PBXFileReference; lastKnownFileType = sourcecode.swift; path = GeneralSettingsView.swift; sourceTree = "<group>"; };
		E8FAE7306196C5FC204924B8 /* PipSqueak.entitlements */ = {isa = PBXFileReference; lastKnownFileType = text.plist.entitlements; path = PipSqueak.entitlements; sourceTree = "<group>"; };
		F4D1A3CE83F6E294D16DF5BD /* PipSqueakApp.swift */ = {isa = PBXFileReference; lastKnownFileType = sourcecode.swift; path = PipSqueakApp.swift; sourceTree = "<group>"; };
		F5BA996259F60AA9D5DF6FA0 /* MeetingTimeFormatter.swift */ = {isa = PBXFileReference; lastKnownFileType = sourcecode.swift; path = MeetingTimeFormatter.swift; sourceTree = "<group>"; };
/* End PBXFileReference section */

/* Begin PBXGroup section */
		596E74A1EE833E3BBFA66F5F /* Models */ = {
			isa = PBXGroup;
			children = (
				AB2E43B30BF5DE9A297F1933 /* MeetingEvent.swift */,
				F5BA996259F60AA9D5DF6FA0 /* MeetingTimeFormatter.swift */,
			);
			path = Models;
			sourceTree = "<group>";
		};
		6822C503F87D84B05A0A0718 /* Resources */ = {
			isa = PBXGroup;
			children = (
				5B94B83A2A7A7B0E4033E197 /* 30second.mp3 */,
				6E1760EDB93FD1CFE61D8515 /* Assets.xcassets */,
			);
			name = Resources;
			path = PipSqueak/Resources;
			sourceTree = "<group>";
		};
		79218A07CF5F8468E4F7708F /* Products */ = {
			isa = PBXGroup;
			children = (
				CD1101ED57D6751280B0C3CA /* PipSqueak.app */,
			);
			name = Products;
			sourceTree = "<group>";
		};
		AE3FB6E5C9CFAB9386138A19 = {
			isa = PBXGroup;
			children = (
				B4E15C1EA0CFE1A9652791B5 /* PipSqueak */,
				6822C503F87D84B05A0A0718 /* Resources */,
				79218A07CF5F8468E4F7708F /* Products */,
			);
			sourceTree = "<group>";
		};
		B4E15C1EA0CFE1A9652791B5 /* PipSqueak */ = {
			isa = PBXGroup;
			children = (
				4A128F8323CE3940A9B1C9AC /* Info.plist */,
				E8FAE7306196C5FC204924B8 /* PipSqueak.entitlements */,
				F4D1A3CE83F6E294D16DF5BD /* PipSqueakApp.swift */,
				DADABAC07D28923ACE98711C /* Managers */,
				596E74A1EE833E3BBFA66F5F /* Models */,
				E8E63E82B4D70E50A7D7A7DF /* Views */,
			);
			path = PipSqueak;
			sourceTree = "<group>";
		};
		D73BA9F7E19902A7BC0205E6 /* Settings */ = {
			isa = PBXGroup;
			children = (
				A8BD0B96DCB42761D7BADEBB /* AudioSettingsView.swift */,
				0F76EAAD0D1EF3AA6082B76F /* CalendarSettingsView.swift */,
				DFD49A37AC23A6BC62915FA1 /* GeneralSettingsView.swift */,
				2BB2AA5C13BC14D23B07DB23 /* ProfileMappingSettingsView.swift */,
				4741AAED6A2B125B24B9CF3D /* SettingsView.swift */,
			);
			path = Settings;
			sourceTree = "<group>";
		};
		DADABAC07D28923ACE98711C /* Managers */ = {
			isa = PBXGroup;
			children = (
				807F9D0A01232736EC8A2823 /* AppState.swift */,
				78B0AAF5A25C12D5F6832583 /* AudioManager.swift */,
				6997774073BE7004E8F73934 /* BrowserProfileManager.swift */,
				80C49DAD0FC975D1D32BEFCA /* CalendarManager.swift */,
				57CA15796A938F25F1912568 /* CountdownManager.swift */,
			);
			path = Managers;
			sourceTree = "<group>";
		};
		E8E63E82B4D70E50A7D7A7DF /* Views */ = {
			isa = PBXGroup;
			children = (
				A3B01FA8747224A2BD41C90D /* MenuBarLabel.swift */,
				8881E43219360DD6A6AE1529 /* NextMeetingCard.swift */,
				6CB9D2D38AF848140DEE53EC /* PermissionDeniedView.swift */,
				8C3DD6CC7294B4F4CA081BF0 /* PopoverView.swift */,
				D1ED84AAC19543E65D6E18F5 /* RecentMeetingsList.swift */,
				B3E580A7656C3B500C60E275 /* UpcomingMeetingsList.swift */,
				D73BA9F7E19902A7BC0205E6 /* Settings */,
			);
			path = Views;
			sourceTree = "<group>";
		};
/* End PBXGroup section */

/* Begin PBXNativeTarget section */
		6EFBEE7DB7920E2139177353 /* PipSqueak */ = {
			isa = PBXNativeTarget;
			buildConfigurationList = ECA14738332E47A2ABA6289C /* Build configuration list for PBXNativeTarget "PipSqueak" */;
			buildPhases = (
				8FA736791813EE265A76D418 /* Sources */,
				79BBBC2EC0B149F373DE0781 /* Resources */,
			);
			buildRules = (
			);
			dependencies = (
			);
			name = PipSqueak;
			packageProductDependencies = (
			);
			productName = PipSqueak;
			productReference = CD1101ED57D6751280B0C3CA /* PipSqueak.app */;
			productType = "com.apple.product-type.application";
		};
/* End PBXNativeTarget section */

/* Begin PBXProject section */
		DC78A650CF8B3BB62CBAEB37 /* Project object */ = {
			isa = PBXProject;
			attributes = {
				BuildIndependentTargetsInParallel = YES;
				LastUpgradeCheck = 1600;
				TargetAttributes = {
				};
			};
			buildConfigurationList = 5EC592A206E0BD3A36828CB3 /* Build configuration list for PBXProject "PipSqueak" */;
			developmentRegion = en;
			hasScannedForEncodings = 0;
			knownRegions = (
				Base,
				en,
			);
			mainGroup = AE3FB6E5C9CFAB9386138A19;
			minimizedProjectReferenceProxies = 1;
			preferredProjectObjectVersion = 77;
			productRefGroup = 79218A07CF5F8468E4F7708F /* Products */;
			projectDirPath = "";
			projectRoot = "";
			targets = (
				6EFBEE7DB7920E2139177353 /* PipSqueak */,
			);
		};
/* End PBXProject section */

/* Begin PBXResourcesBuildPhase section */
		79BBBC2EC0B149F373DE0781 /* Resources */ = {
			isa = PBXResourcesBuildPhase;
			buildActionMask = 2147483647;
			files = (
				EE6624BFED6A0A8B81ED74B3 /* 30second.mp3 in Resources */,
				014EB684D5A2BC38FD818162 /* Assets.xcassets in Resources */,
			);
			runOnlyForDeploymentPostprocessing = 0;
		};
/* End PBXResourcesBuildPhase section */

/* Begin PBXSourcesBuildPhase section */
		8FA736791813EE265A76D418 /* Sources */ = {
			isa = PBXSourcesBuildPhase;
			buildActionMask = 2147483647;
			files = (
				8BC0480861CF5FA173A0BD49 /* AppState.swift in Sources */,
				5563149DF16348C2BD22B8E0 /* AudioManager.swift in Sources */,
				5885978570027113A1F969C8 /* AudioSettingsView.swift in Sources */,
				1938E5E7CAFC7EFC7CE85560 /* BrowserProfileManager.swift in Sources */,
				ACC4C26BFB5D9FB2FE0ABF93 /* CalendarManager.swift in Sources */,
				985EB87685966C558CC993B5 /* CalendarSettingsView.swift in Sources */,
				C942D8D2469A75A4CFFAC75F /* CountdownManager.swift in Sources */,
				818F724CB626D2A035A36136 /* GeneralSettingsView.swift in Sources */,
				465852B1E9554282C500FD70 /* MeetingEvent.swift in Sources */,
				0ECB311DA263DE811803282B /* MeetingTimeFormatter.swift in Sources */,
				53685D7F85259631DD82EB7A /* MenuBarLabel.swift in Sources */,
				80FFC66C08F6C180F83BE65B /* NextMeetingCard.swift in Sources */,
				F0BDDC12310A7A0F6F1713F5 /* PermissionDeniedView.swift in Sources */,
				644CC7C02BA12D48002CAE57 /* PipSqueakApp.swift in Sources */,
				332A21ED14F0AA438B23E331 /* PopoverView.swift in Sources */,
				43836535C7AA79A40A9B7671 /* ProfileMappingSettingsView.swift in Sources */,
				A0F6977DC6273C8D09ADA8BF /* RecentMeetingsList.swift in Sources */,
				0C8078FCE434D5D4E890B762 /* SettingsView.swift in Sources */,
				67B09083C7BD34A2BFCE86E7 /* UpcomingMeetingsList.swift in Sources */,
			);
			runOnlyForDeploymentPostprocessing = 0;
		};
/* End PBXSourcesBuildPhase section */

/* Begin XCBuildConfiguration section */
		0BA4B0DE22C6EB6FCD2EF47C /* Debug */ = {
			isa = XCBuildConfiguration;
			buildSettings = {
				ASSETCATALOG_COMPILER_APPICON_NAME = AppIcon;
				CODE_SIGN_ENTITLEMENTS = PipSqueak/PipSqueak.entitlements;
				COMBINE_HIDPI_IMAGES = YES;
				GENERATE_INFOPLIST_FILE = NO;
				INFOPLIST_FILE = PipSqueak/Info.plist;
				LD_RUNPATH_SEARCH_PATHS = (
					"$(inherited)",
					"@executable_path/../Frameworks",
				);
				PRODUCT_BUNDLE_IDENTIFIER = ca.zakr.PipSqueak;
				PRODUCT_NAME = PipSqueak;
				SDKROOT = macosx;
			};
			name = Debug;
		};
		5EED70CA39D4098257BB9F3F /* Debug */ = {
			isa = XCBuildConfiguration;
			buildSettings = {
				ALWAYS_SEARCH_USER_PATHS = NO;
				CLANG_ANALYZER_NONNULL = YES;
				CLANG_ANALYZER_NUMBER_OBJECT_CONVERSION = YES_AGGRESSIVE;
				CLANG_CXX_LANGUAGE_STANDARD = "gnu++14";
				CLANG_CXX_LIBRARY = "libc++";
				CLANG_ENABLE_MODULES = YES;
				CLANG_ENABLE_OBJC_ARC = YES;
				CLANG_ENABLE_OBJC_WEAK = YES;
				CLANG_WARN_BLOCK_CAPTURE_AUTORELEASING = YES;
				CLANG_WARN_BOOL_CONVERSION = YES;
				CLANG_WARN_COMMA = YES;
				CLANG_WARN_CONSTANT_CONVERSION = YES;
				CLANG_WARN_DEPRECATED_OBJC_IMPLEMENTATIONS = YES;
				CLANG_WARN_DIRECT_OBJC_ISA_USAGE = YES_ERROR;
				CLANG_WARN_DOCUMENTATION_COMMENTS = YES;
				CLANG_WARN_EMPTY_BODY = YES;
				CLANG_WARN_ENUM_CONVERSION = YES;
				CLANG_WARN_INFINITE_RECURSION = YES;
				CLANG_WARN_INT_CONVERSION = YES;
				CLANG_WARN_NON_LITERAL_NULL_CONVERSION = YES;
				CLANG_WARN_OBJC_IMPLICIT_RETAIN_SELF = YES;
				CLANG_WARN_OBJC_LITERAL_CONVERSION = YES;
				CLANG_WARN_OBJC_ROOT_CLASS = YES_ERROR;
				CLANG_WARN_QUOTED_INCLUDE_IN_FRAMEWORK_HEADER = YES;
				CLANG_WARN_RANGE_LOOP_ANALYSIS = YES;
				CLANG_WARN_STRICT_PROTOTYPES = YES;
				CLANG_WARN_SUSPICIOUS_MOVE = YES;
				CLANG_WARN_UNGUARDED_AVAILABILITY = YES_AGGRESSIVE;
				CLANG_WARN_UNREACHABLE_CODE = YES;
				CLANG_WARN__DUPLICATE_METHOD_MATCH = YES;
				COPY_PHASE_STRIP = NO;
				DEBUG_INFORMATION_FORMAT = dwarf;
				ENABLE_STRICT_OBJC_MSGSEND = YES;
				ENABLE_TESTABILITY = YES;
				ENABLE_USER_SCRIPT_SANDBOXING = YES;
				GCC_C_LANGUAGE_STANDARD = gnu11;
				GCC_DYNAMIC_NO_PIC = NO;
				GCC_NO_COMMON_BLOCKS = YES;
				GCC_OPTIMIZATION_LEVEL = 0;
				GCC_PREPROCESSOR_DEFINITIONS = (
					"$(inherited)",
					"DEBUG=1",
				);
				GCC_WARN_64_TO_32_BIT_CONVERSION = YES;
				GCC_WARN_ABOUT_RETURN_TYPE = YES_ERROR;
				GCC_WARN_UNDECLARED_SELECTOR = YES;
				GCC_WARN_UNINITIALIZED_AUTOS = YES_AGGRESSIVE;
				GCC_WARN_UNUSED_FUNCTION = YES;
				GCC_WARN_UNUSED_VARIABLE = YES;
				MACOSX_DEPLOYMENT_TARGET = 14.0;
				MTL_ENABLE_DEBUG_INFO = INCLUDE_SOURCE;
				MTL_FAST_MATH = YES;
				ONLY_ACTIVE_ARCH = YES;
				PRODUCT_NAME = "$(TARGET_NAME)";
				SDKROOT = macosx;
				SWIFT_ACTIVE_COMPILATION_CONDITIONS = DEBUG;
				SWIFT_OPTIMIZATION_LEVEL = "-Onone";
				SWIFT_STRICT_CONCURRENCY = complete;
				SWIFT_VERSION = 6.0;
			};
			name = Debug;
		};
		7E2CD70222196AD0D9307D6C /* Release */ = {
			isa = XCBuildConfiguration;
			buildSettings = {
				ALWAYS_SEARCH_USER_PATHS = NO;
				CLANG_ANALYZER_NONNULL = YES;
				CLANG_ANALYZER_NUMBER_OBJECT_CONVERSION = YES_AGGRESSIVE;
				CLANG_CXX_LANGUAGE_STANDARD = "gnu++14";
				CLANG_CXX_LIBRARY = "libc++";
				CLANG_ENABLE_MODULES = YES;
				CLANG_ENABLE_OBJC_ARC = YES;
				CLANG_ENABLE_OBJC_WEAK = YES;
				CLANG_WARN_BLOCK_CAPTURE_AUTORELEASING = YES;
				CLANG_WARN_BOOL_CONVERSION = YES;
				CLANG_WARN_COMMA = YES;
				CLANG_WARN_CONSTANT_CONVERSION = YES;
				CLANG_WARN_DEPRECATED_OBJC_IMPLEMENTATIONS = YES;
				CLANG_WARN_DIRECT_OBJC_ISA_USAGE = YES_ERROR;
				CLANG_WARN_DOCUMENTATION_COMMENTS = YES;
				CLANG_WARN_EMPTY_BODY = YES;
				CLANG_WARN_ENUM_CONVERSION = YES;
				CLANG_WARN_INFINITE_RECURSION = YES;
				CLANG_WARN_INT_CONVERSION = YES;
				CLANG_WARN_NON_LITERAL_NULL_CONVERSION = YES;
				CLANG_WARN_OBJC_IMPLICIT_RETAIN_SELF = YES;
				CLANG_WARN_OBJC_LITERAL_CONVERSION = YES;
				CLANG_WARN_OBJC_ROOT_CLASS = YES_ERROR;
				CLANG_WARN_QUOTED_INCLUDE_IN_FRAMEWORK_HEADER = YES;
				CLANG_WARN_RANGE_LOOP_ANALYSIS = YES;
				CLANG_WARN_STRICT_PROTOTYPES = YES;
				CLANG_WARN_SUSPICIOUS_MOVE = YES;
				CLANG_WARN_UNGUARDED_AVAILABILITY = YES_AGGRESSIVE;
				CLANG_WARN_UNREACHABLE_CODE = YES;
				CLANG_WARN__DUPLICATE_METHOD_MATCH = YES;
				COPY_PHASE_STRIP = NO;
				DEBUG_INFORMATION_FORMAT = "dwarf-with-dsym";
				ENABLE_NS_ASSERTIONS = NO;
				ENABLE_STRICT_OBJC_MSGSEND = YES;
				ENABLE_USER_SCRIPT_SANDBOXING = YES;
				GCC_C_LANGUAGE_STANDARD = gnu11;
				GCC_NO_COMMON_BLOCKS = YES;
				GCC_WARN_64_TO_32_BIT_CONVERSION = YES;
				GCC_WARN_ABOUT_RETURN_TYPE = YES_ERROR;
				GCC_WARN_UNDECLARED_SELECTOR = YES;
				GCC_WARN_UNINITIALIZED_AUTOS = YES_AGGRESSIVE;
				GCC_WARN_UNUSED_FUNCTION = YES;
				GCC_WARN_UNUSED_VARIABLE = YES;
				MACOSX_DEPLOYMENT_TARGET = 14.0;
				MTL_ENABLE_DEBUG_INFO = NO;
				MTL_FAST_MATH = YES;
				PRODUCT_NAME = "$(TARGET_NAME)";
				SDKROOT = macosx;
				SWIFT_COMPILATION_MODE = wholemodule;
				SWIFT_OPTIMIZATION_LEVEL = "-O";
				SWIFT_STRICT_CONCURRENCY = complete;
				SWIFT_VERSION = 6.0;
			};
			name = Release;
		};
		E7FDECFA0211AF50488D45F9 /* Release */ = {
			isa = XCBuildConfiguration;
			buildSettings = {
				ASSETCATALOG_COMPILER_APPICON_NAME = AppIcon;
				CODE_SIGN_ENTITLEMENTS = PipSqueak/PipSqueak.entitlements;
				COMBINE_HIDPI_IMAGES = YES;
				GENERATE_INFOPLIST_FILE = NO;
				INFOPLIST_FILE = PipSqueak/Info.plist;
				LD_RUNPATH_SEARCH_PATHS = (
					"$(inherited)",
					"@executable_path/../Frameworks",
				);
				PRODUCT_BUNDLE_IDENTIFIER = ca.zakr.PipSqueak;
				PRODUCT_NAME = PipSqueak;
				SDKROOT = macosx;
			};
			name = Release;
		};
/* End XCBuildConfiguration section */

/* Begin XCConfigurationList section */
		5EC592A206E0BD3A36828CB3 /* Build configuration list for PBXProject "PipSqueak" */ = {
			isa = XCConfigurationList;
			buildConfigurations = (
				5EED70CA39D4098257BB9F3F /* Debug */,
				7E2CD70222196AD0D9307D6C /* Release */,
			);
			defaultConfigurationIsVisible = 0;
			defaultConfigurationName = Debug;
		};
		ECA14738332E47A2ABA6289C /* Build configuration list for PBXNativeTarget "PipSqueak" */ = {
			isa = XCConfigurationList;
			buildConfigurations = (
				0BA4B0DE22C6EB6FCD2EF47C /* Debug */,
				E7FDECFA0211AF50488D45F9 /* Release */,
			);
			defaultConfigurationIsVisible = 0;
			defaultConfigurationName = Debug;
		};
/* End XCConfigurationList section */
	};
	rootObject = DC78A650CF8B3BB62CBAEB37 /* Project object */;
}
